
Microsoft Visual Studio Solution File, Format Version 12.00
# Visual Studio Version 16
VisualStudioVersion = 16.0.810.14
MinimumVisualStudioVersion = 10.0.40219.1
Project("{FAE04EC0-301F-11D3-BF4B-00C04F79EFBC}") = "OkThrowAway.API", "OkThrowAway.API.csproj", "{EBE02B74-4B47-4844-8ED2-54D169229617}"
EndProject
Global
	GlobalSection(SolutionConfigurationPlatforms) = preSolution
		Debug|Any CPU = Debug|Any CPU
		Release|Any CPU = Release|Any CPU
	EndGlobalSection
	GlobalSection(ProjectConfigurationPlatforms) = postSolution
		{EBE02B74-4B47-4844-8ED2-54D169229617}.Debug|Any CPU.ActiveCfg = Debug|Any CPU
		{EBE02B74-4B47-4844-8ED2-54D169229617}.Debug|Any CPU.Build.0 = Debug|Any CPU
		{EBE02B74-4B47-4844-8ED2-54D169229617}.Release|Any CPU.ActiveCfg = Release|Any CPU
		{EBE02B74-4B47-4844-8ED2-54D169229617}.Release|Any CPU.Build.0 = Release|Any CPU
	EndGlobalSection
	GlobalSection(SolutionProperties) = preSolution
		HideSolutionNode = FALSE
	EndGlobalSection
	GlobalSection(ExtensibilityGlobals) = postSolution
		SolutionGuid = {2516A746-A438-4D0C-9346-358B7DB5439B}
	EndGlobalSection
EndGlobal
